
Microsoft Visual Studio Solution File, Format Version 12.00
# Visual Studio 14
VisualStudioVersion = 14.0.25123.0
MinimumVisualStudioVersion = 10.0.40219.1
Project("{FAE04EC0-301F-11D3-BF4B-00C04F79EFBC}") = "Lab.TechnicalTest.4Com.WeatherServicesClient", "Lab.TechnicalTest.4Com.WeatherServicesClient\Lab.TechnicalTest.4Com.WeatherServicesClient.csproj", "{DFD72852-12C7-4FAD-A668-7BD071033C80}"
EndProject
Project("{FAE04EC0-301F-11D3-BF4B-00C04F79EFBC}") = "Lab.TechnicalTest.4Com.WeatherTest.App", "Lab.TechnicalTest.4Com.WeatherTest.App\Lab.TechnicalTest.4Com.WeatherTest.App.csproj", "{CAA59D3F-78D3-4CAE-BEEB-BB519F4FBF90}"
EndProject
Project("{FAE04EC0-301F-11D3-BF4B-00C04F79EFBC}") = "Lab.TechnicalTest.4Com.WeatherTest.DataContracts", "Lab.TechnicalTest.4Com.WeatherTest.DataContracts\Lab.TechnicalTest.4Com.WeatherTest.DataContracts.csproj", "{6D0E25C4-9974-4C8A-ADB0-43212692D50D}"
EndProject
Project("{FAE04EC0-301F-11D3-BF4B-00C04F79EFBC}") = "Lab.TechnicalTest.4Com.WeatherTest.Utilities", "Lab.TechnicalTest.4Com.WeatherTest.Utilities\Lab.TechnicalTest.4Com.WeatherTest.Utilities.csproj", "{E3B728D2-B2E3-4573-9D7A-7EA42400C95F}"
EndProject
Project("{FAE04EC0-301F-11D3-BF4B-00C04F79EFBC}") = "Lab.TechnicalTest.4Com.WeatherServicesClientTest", "Lab.TechnicalTest.4Com.WeatherServicesClientTest\Lab.TechnicalTest.4Com.WeatherServicesClientTest.csproj", "{29A6029F-ECAF-414B-83AA-C67DD2AC1718}"
EndProject
Global
	GlobalSection(SolutionConfigurationPlatforms) = preSolution
		Debug|Any CPU = Debug|Any CPU
		Release|Any CPU = Release|Any CPU
	EndGlobalSection
	GlobalSection(ProjectConfigurationPlatforms) = postSolution
		{DFD72852-12C7-4FAD-A668-7BD071033C80}.Debug|Any CPU.ActiveCfg = Debug|Any CPU
		{DFD72852-12C7-4FAD-A668-7BD071033C80}.Debug|Any CPU.Build.0 = Debug|Any CPU
		{DFD72852-12C7-4FAD-A668-7BD071033C80}.Release|Any CPU.ActiveCfg = Release|Any CPU
		{DFD72852-12C7-4FAD-A668-7BD071033C80}.Release|Any CPU.Build.0 = Release|Any CPU
		{CAA59D3F-78D3-4CAE-BEEB-BB519F4FBF90}.Debug|Any CPU.ActiveCfg = Debug|Any CPU
		{CAA59D3F-78D3-4CAE-BEEB-BB519F4FBF90}.Debug|Any CPU.Build.0 = Debug|Any CPU
		{CAA59D3F-78D3-4CAE-BEEB-BB519F4FBF90}.Release|Any CPU.ActiveCfg = Release|Any CPU
		{CAA59D3F-78D3-4CAE-BEEB-BB519F4FBF90}.Release|Any CPU.Build.0 = Release|Any CPU
		{6D0E25C4-9974-4C8A-ADB0-43212692D50D}.Debug|Any CPU.ActiveCfg = Debug|Any CPU
		{6D0E25C4-9974-4C8A-ADB0-43212692D50D}.Debug|Any CPU.Build.0 = Debug|Any CPU
		{6D0E25C4-9974-4C8A-ADB0-43212692D50D}.Release|Any CPU.ActiveCfg = Release|Any CPU
		{6D0E25C4-9974-4C8A-ADB0-43212692D50D}.Release|Any CPU.Build.0 = Release|Any CPU
		{E3B728D2-B2E3-4573-9D7A-7EA42400C95F}.Debug|Any CPU.ActiveCfg = Debug|Any CPU
		{E3B728D2-B2E3-4573-9D7A-7EA42400C95F}.Debug|Any CPU.Build.0 = Debug|Any CPU
		{E3B728D2-B2E3-4573-9D7A-7EA42400C95F}.Release|Any CPU.ActiveCfg = Release|Any CPU
		{E3B728D2-B2E3-4573-9D7A-7EA42400C95F}.Release|Any CPU.Build.0 = Release|Any CPU
		{29A6029F-ECAF-414B-83AA-C67DD2AC1718}.Debug|Any CPU.ActiveCfg = Debug|Any CPU
		{29A6029F-ECAF-414B-83AA-C67DD2AC1718}.Debug|Any CPU.Build.0 = Debug|Any CPU
		{29A6029F-ECAF-414B-83AA-C67DD2AC1718}.Release|Any CPU.ActiveCfg = Release|Any CPU
		{29A6029F-ECAF-414B-83AA-C67DD2AC1718}.Release|Any CPU.Build.0 = Release|Any CPU
	EndGlobalSection
	GlobalSection(SolutionProperties) = preSolution
		HideSolutionNode = FALSE
	EndGlobalSection
EndGlobal
